
Microsoft Visual Studio Solution File, Format Version 12.00
# Visual Studio Version 16
VisualStudioVersion = 16.0.32630.194
MinimumVisualStudioVersion = 10.0.40219.1
Project("{F2A71F9B-5D33-465A-A702-920D77279786}") = "WebApplication2", "WebApplication2\WebApplication2.fsproj", "{F804CACB-170D-4F9A-B6A3-222F8CEB2318}"
EndProject
Global
	GlobalSection(SolutionConfigurationPlatforms) = preSolution
		Debug|Any CPU = Debug|Any CPU
		Release|Any CPU = Release|Any CPU
	EndGlobalSection
	GlobalSection(ProjectConfigurationPlatforms) = postSolution
		{F804CACB-170D-4F9A-B6A3-222F8CEB2318}.Debug|Any CPU.ActiveCfg = Debug|Any CPU
		{F804CACB-170D-4F9A-B6A3-222F8CEB2318}.Debug|Any CPU.Build.0 = Debug|Any CPU
		{F804CACB-170D-4F9A-B6A3-222F8CEB2318}.Release|Any CPU.ActiveCfg = Release|Any CPU
		{F804CACB-170D-4F9A-B6A3-222F8CEB2318}.Release|Any CPU.Build.0 = Release|Any CPU
	EndGlobalSection
	GlobalSection(SolutionProperties) = preSolution
		HideSolutionNode = FALSE
	EndGlobalSection
	GlobalSection(ExtensibilityGlobals) = postSolution
		SolutionGuid = {784EED7E-5AEF-46AB-A0F9-A4E7CC1CBE49}
	EndGlobalSection
EndGlobal
